
Microsoft Visual Studio Solution File, Format Version 12.00
# Visual Studio 2013
VisualStudioVersion = 12.0.21005.1
MinimumVisualStudioVersion = 10.0.40219.1
Project("{FAE04EC0-301F-11D3-BF4B-00C04F79EFBC}") = "JassWeather", "JassWeather\JassWeather.csproj", "{91BDA27A-55AB-4B33-944C-1C56C230BB3E}"
EndProject
Global
	GlobalSection(SolutionConfigurationPlatforms) = preSolution
		Debug|Any CPU = Debug|Any CPU
		Debug|Mixed Platforms = Debug|Mixed Platforms
		Debug|Win32 = Debug|Win32
		Debug|x86 = Debug|x86
		Release|Any CPU = Release|Any CPU
		Release|Mixed Platforms = Release|Mixed Platforms
		Release|Win32 = Release|Win32
		Release|x86 = Release|x86
	EndGlobalSection
	GlobalSection(ProjectConfigurationPlatforms) = postSolution
		{91BDA27A-55AB-4B33-944C-1C56C230BB3E}.Debug|Any CPU.ActiveCfg = Debug|Any CPU
		{91BDA27A-55AB-4B33-944C-1C56C230BB3E}.Debug|Any CPU.Build.0 = Debug|Any CPU
		{91BDA27A-55AB-4B33-944C-1C56C230BB3E}.Debug|Mixed Platforms.ActiveCfg = Debug|Any CPU
		{91BDA27A-55AB-4B33-944C-1C56C230BB3E}.Debug|Mixed Platforms.Build.0 = Debug|Any CPU
		{91BDA27A-55AB-4B33-944C-1C56C230BB3E}.Debug|Win32.ActiveCfg = Debug|Any CPU
		{91BDA27A-55AB-4B33-944C-1C56C230BB3E}.Debug|x86.ActiveCfg = Debug|Any CPU
		{91BDA27A-55AB-4B33-944C-1C56C230BB3E}.Release|Any CPU.ActiveCfg = Release|Any CPU
		{91BDA27A-55AB-4B33-944C-1C56C230BB3E}.Release|Any CPU.Build.0 = Release|Any CPU
		{91BDA27A-55AB-4B33-944C-1C56C230BB3E}.Release|Mixed Platforms.ActiveCfg = Release|Any CPU
		{91BDA27A-55AB-4B33-944C-1C56C230BB3E}.Release|Mixed Platforms.Build.0 = Release|Any CPU
		{91BDA27A-55AB-4B33-944C-1C56C230BB3E}.Release|Win32.ActiveCfg = Release|Any CPU
		{91BDA27A-55AB-4B33-944C-1C56C230BB3E}.Release|x86.ActiveCfg = Release|Any CPU
	EndGlobalSection
	GlobalSection(SolutionProperties) = preSolution
		HideSolutionNode = FALSE
	EndGlobalSection
EndGlobal
