
Microsoft Visual Studio Solution File, Format Version 12.00
# Visual Studio 2012
Project("{FAE04EC0-301F-11D3-BF4B-00C04F79EFBC}") = "JassWeather", "JassWeather\JassWeather.csproj", "{91BDA27A-55AB-4B33-944C-1C56C230BB3E}"
EndProject
Project("{FAE04EC0-301F-11D3-BF4B-00C04F79EFBC}") = "JassWeather.Tests", "JassWeather.Tests\JassWeather.Tests.csproj", "{732048A3-AD1A-4AB9-B456-F52E2547C6D3}"
EndProject
Project("{FAE04EC0-301F-11D3-BF4B-00C04F79EFBC}") = "JassWeatherAPI", "JassWeatherAPI\JassWeatherAPI.csproj", "{DD8B3913-193A-4DD7-A4ED-0EC3F7B3DC30}"
EndProject
Global
	GlobalSection(SolutionConfigurationPlatforms) = preSolution
		Debug|Any CPU = Debug|Any CPU
		Release|Any CPU = Release|Any CPU
	EndGlobalSection
	GlobalSection(ProjectConfigurationPlatforms) = postSolution
		{91BDA27A-55AB-4B33-944C-1C56C230BB3E}.Debug|Any CPU.ActiveCfg = Debug|Any CPU
		{91BDA27A-55AB-4B33-944C-1C56C230BB3E}.Debug|Any CPU.Build.0 = Debug|Any CPU
		{91BDA27A-55AB-4B33-944C-1C56C230BB3E}.Release|Any CPU.ActiveCfg = Release|Any CPU
		{91BDA27A-55AB-4B33-944C-1C56C230BB3E}.Release|Any CPU.Build.0 = Release|Any CPU
		{732048A3-AD1A-4AB9-B456-F52E2547C6D3}.Debug|Any CPU.ActiveCfg = Debug|Any CPU
		{732048A3-AD1A-4AB9-B456-F52E2547C6D3}.Debug|Any CPU.Build.0 = Debug|Any CPU
		{732048A3-AD1A-4AB9-B456-F52E2547C6D3}.Release|Any CPU.ActiveCfg = Release|Any CPU
		{732048A3-AD1A-4AB9-B456-F52E2547C6D3}.Release|Any CPU.Build.0 = Release|Any CPU
		{DD8B3913-193A-4DD7-A4ED-0EC3F7B3DC30}.Debug|Any CPU.ActiveCfg = Debug|Any CPU
		{DD8B3913-193A-4DD7-A4ED-0EC3F7B3DC30}.Debug|Any CPU.Build.0 = Debug|Any CPU
		{DD8B3913-193A-4DD7-A4ED-0EC3F7B3DC30}.Release|Any CPU.ActiveCfg = Release|Any CPU
		{DD8B3913-193A-4DD7-A4ED-0EC3F7B3DC30}.Release|Any CPU.Build.0 = Release|Any CPU
	EndGlobalSection
	GlobalSection(SolutionProperties) = preSolution
		HideSolutionNode = FALSE
	EndGlobalSection
EndGlobal
